{"format_version":"0.1","terraform_version":"0.15.1-dev","planned_values":{"root_module":{"resources":[{"address":"aws_sns_topic.cloudrail_1","mode":"managed","type":"aws_sns_topic","name":"cloudrail_1","provider_name":"registry.terraform.io/hashicorp/aws","schema_version":0,"values":{"application_failure_feedback_role_arn":null,"application_success_feedback_role_arn":null,"application_success_feedback_sample_rate":null,"delivery_policy":null,"display_name":null,"http_failure_feedback_role_arn":null,"http_success_feedback_role_arn":null,"http_success_feedback_sample_rate":null,"kms_master_key_id":null,"lambda_failure_feedback_role_arn":null,"lambda_success_feedback_role_arn":null,"lambda_success_feedback_sample_rate":null,"name":"sns_not_ecnrypted-1","name_prefix":null,"sqs_failure_feedback_role_arn":null,"sqs_success_feedback_role_arn":null,"sqs_success_feedback_sample_rate":null,"tags":{"Name":"Sns Topic Cloudrail Test"}}},{"address":"aws_sqs_queue.cloudrail","mode":"managed","type":"aws_sqs_queue","name":"cloudrail","provider_name":"registry.terraform.io/hashicorp/aws","schema_version":0,"values":{"content_based_deduplication":false,"delay_seconds":0,"fifo_queue":false,"kms_master_key_id":null,"max_message_size":262144,"message_retention_seconds":345600,"name":"sqs_non_encrypted","name_prefix":null,"receive_wait_time_seconds":0,"redrive_policy":null,"tags":{"Name":"Sqs Cloudrail Test"},"visibility_timeout_seconds":30}}]}},"resource_changes":[{"address":"aws_sns_topic.cloudrail_1","mode":"managed","type":"aws_sns_topic","name":"cloudrail_1","provider_name":"registry.terraform.io/hashicorp/aws","change":{"actions":["create"],"before":null,"after":{"application_failure_feedback_role_arn":null,"application_success_feedback_role_arn":null,"application_success_feedback_sample_rate":null,"delivery_policy":null,"display_name":null,"http_failure_feedback_role_arn":null,"http_success_feedback_role_arn":null,"http_success_feedback_sample_rate":null,"kms_master_key_id":null,"lambda_failure_feedback_role_arn":null,"lambda_success_feedback_role_arn":null,"lambda_success_feedback_sample_rate":null,"name":"sns_not_ecnrypted-1","name_prefix":null,"sqs_failure_feedback_role_arn":null,"sqs_success_feedback_role_arn":null,"sqs_success_feedback_sample_rate":null,"tags":{"Name":"Sns Topic Cloudrail Test"}},"after_unknown":{"arn":true,"id":true,"policy":true,"tags":{}},"before_sensitive":false,"after_sensitive":{"tags":{}}}},{"address":"aws_sqs_queue.cloudrail","mode":"managed","type":"aws_sqs_queue","name":"cloudrail","provider_name":"registry.terraform.io/hashicorp/aws","change":{"actions":["create"],"before":null,"after":{"content_based_deduplication":false,"delay_seconds":0,"fifo_queue":false,"kms_master_key_id":null,"max_message_size":262144,"message_retention_seconds":345600,"name":"sqs_non_encrypted","name_prefix":null,"receive_wait_time_seconds":0,"redrive_policy":null,"tags":{"Name":"Sqs Cloudrail Test"},"visibility_timeout_seconds":30},"after_unknown":{"arn":true,"id":true,"kms_data_key_reuse_period_seconds":true,"policy":true,"tags":{}},"before_sensitive":false,"after_sensitive":{"tags":{}}}}],"configuration":{"provider_config":{"aws":{"name":"aws","expressions":{"region":{"constant_value":"eu-west-1"}}}},"root_module":{"resources":[{"address":"aws_sns_topic.cloudrail_1","mode":"managed","type":"aws_sns_topic","name":"cloudrail_1","provider_config_key":"aws","expressions":{"name":{"constant_value":"sns_not_ecnrypted-1"},"tags":{"constant_value":{"Name":"Sns Topic Cloudrail Test"}}},"schema_version":0},{"address":"aws_sqs_queue.cloudrail","mode":"managed","type":"aws_sqs_queue","name":"cloudrail","provider_config_key":"aws","expressions":{"name":{"constant_value":"sqs_non_encrypted"},"tags":{"constant_value":{"Name":"Sqs Cloudrail Test"}}},"schema_version":0}]}}}
